// !$*UTF8*$!
{
	archiveVersion = 1;
	classes = {
	};
	objectVersion = 56;
	objects = {

/* Begin PBXBuildFile section */
		1227488B2AD9E1C7007ABEE0 /* WorxApp.swift in Sources */ = {isa = PBXBuildFile; fileRef = 1227488A2AD9E1C7007ABEE0 /* WorxApp.swift */; };
		1227488D2AD9E1C7007ABEE0 /* ContentView.swift in Sources */ = {isa = PBXBuildFile; fileRef = 1227488C2AD9E1C7007ABEE0 /* ContentView.swift */; };
		1227488F2AD9E1C8007ABEE0 /* Assets.xcassets in Resources */ = {isa = PBXBuildFile; fileRef = 1227488E2AD9E1C8007ABEE0 /* Assets.xcassets */; };
		122748932AD9E1C8007ABEE0 /* Preview Assets.xcassets in Resources */ = {isa = PBXBuildFile; fileRef = 122748922AD9E1C8007ABEE0 /* Preview Assets.xcassets */; };
		1227489D2AD9E1C8007ABEE0 /* WorxTests.swift in Sources */ = {isa = PBXBuildFile; fileRef = 1227489C2AD9E1C8007ABEE0 /* WorxTests.swift */; };
		122748A72AD9E1C8007ABEE0 /* WorxUITests.swift in Sources */ = {isa = PBXBuildFile; fileRef = 122748A62AD9E1C8007ABEE0 /* WorxUITests.swift */; };
		122748A92AD9E1C8007ABEE0 /* WorxUITestsLaunchTests.swift in Sources */ = {isa = PBXBuildFile; fileRef = 122748A82AD9E1C8007ABEE0 /* WorxUITestsLaunchTests.swift */; };
		122748BB2ADB00EF007ABEE0 /* WorkoutModel.swift in Sources */ = {isa = PBXBuildFile; fileRef = 122748BA2ADB00EF007ABEE0 /* WorkoutModel.swift */; };
		122748BD2ADB0103007ABEE0 /* ExerciseModel.swift in Sources */ = {isa = PBXBuildFile; fileRef = 122748BC2ADB0103007ABEE0 /* ExerciseModel.swift */; };
		122748BF2ADB018B007ABEE0 /* ReviewModel.swift in Sources */ = {isa = PBXBuildFile; fileRef = 122748BE2ADB018B007ABEE0 /* ReviewModel.swift */; };
		122748C12ADB0ED8007ABEE0 /* WorkoutListScreen.swift in Sources */ = {isa = PBXBuildFile; fileRef = 122748C02ADB0ED8007ABEE0 /* WorkoutListScreen.swift */; };
		122748C32ADB105B007ABEE0 /* String+Extension.swift in Sources */ = {isa = PBXBuildFile; fileRef = 122748C22ADB105B007ABEE0 /* String+Extension.swift */; };
		122748C52ADB120A007ABEE0 /* WorkoutListView.swift in Sources */ = {isa = PBXBuildFile; fileRef = 122748C42ADB120A007ABEE0 /* WorkoutListView.swift */; };
		122748C72ADB1237007ABEE0 /* ExerciseListView.swift in Sources */ = {isa = PBXBuildFile; fileRef = 122748C62ADB1237007ABEE0 /* ExerciseListView.swift */; };
		122748C92ADB128F007ABEE0 /* AddWorkoutScreen.swift in Sources */ = {isa = PBXBuildFile; fileRef = 122748C82ADB128F007ABEE0 /* AddWorkoutScreen.swift */; };
		122748CB2ADB1840007ABEE0 /* ExerciseSelectionView.swift in Sources */ = {isa = PBXBuildFile; fileRef = 122748CA2ADB1840007ABEE0 /* ExerciseSelectionView.swift */; };
		122748CD2ADB1CB1007ABEE0 /* WorkoutDetailScreen.swift in Sources */ = {isa = PBXBuildFile; fileRef = 122748CC2ADB1CB1007ABEE0 /* WorkoutDetailScreen.swift */; };
		122748CF2ADB22AD007ABEE0 /* ExerciseCellView.swift in Sources */ = {isa = PBXBuildFile; fileRef = 122748CE2ADB22AD007ABEE0 /* ExerciseCellView.swift */; };
		122748D12ADB230C007ABEE0 /* ReviewListView.swift in Sources */ = {isa = PBXBuildFile; fileRef = 122748D02ADB230C007ABEE0 /* ReviewListView.swift */; };
		122748D32ADB2331007ABEE0 /* AddReviewScreen.swift in Sources */ = {isa = PBXBuildFile; fileRef = 122748D22ADB2331007ABEE0 /* AddReviewScreen.swift */; };
/* End PBXBuildFile section */

/* Begin PBXContainerItemProxy section */
		122748992AD9E1C8007ABEE0 /* PBXContainerItemProxy */ = {
			isa = PBXContainerItemProxy;
			containerPortal = 1227487F2AD9E1C7007ABEE0 /* Project object */;
			proxyType = 1;
			remoteGlobalIDString = 122748862AD9E1C7007ABEE0;
			remoteInfo = Worx;
		};
		122748A32AD9E1C8007ABEE0 /* PBXContainerItemProxy */ = {
			isa = PBXContainerItemProxy;
			containerPortal = 1227487F2AD9E1C7007ABEE0 /* Project object */;
			proxyType = 1;
			remoteGlobalIDString = 122748862AD9E1C7007ABEE0;
			remoteInfo = Worx;
		};
/* End PBXContainerItemProxy section */

/* Begin PBXFileReference section */
		122748872AD9E1C7007ABEE0 /* Worx.app */ = {isa = PBXFileReference; explicitFileType = wrapper.application; includeInIndex = 0; path = Worx.app; sourceTree = BUILT_PRODUCTS_DIR; };
		1227488A2AD9E1C7007ABEE0 /* WorxApp.swift */ = {isa = PBXFileReference; lastKnownFileType = sourcecode.swift; path = WorxApp.swift; sourceTree = "<group>"; };
		1227488C2AD9E1C7007ABEE0 /* ContentView.swift */ = {isa = PBXFileReference; lastKnownFileType = sourcecode.swift; path = ContentView.swift; sourceTree = "<group>"; };
		1227488E2AD9E1C8007ABEE0 /* Assets.xcassets */ = {isa = PBXFileReference; lastKnownFileType = folder.assetcatalog; path = Assets.xcassets; sourceTree = "<group>"; };
		122748902AD9E1C8007ABEE0 /* Worx.entitlements */ = {isa = PBXFileReference; lastKnownFileType = text.plist.entitlements; path = Worx.entitlements; sourceTree = "<group>"; };
		122748922AD9E1C8007ABEE0 /* Preview Assets.xcassets */ = {isa = PBXFileReference; lastKnownFileType = folder.assetcatalog; path = "Preview Assets.xcassets"; sourceTree = "<group>"; };
		122748982AD9E1C8007ABEE0 /* WorxTests.xctest */ = {isa = PBXFileReference; explicitFileType = wrapper.cfbundle; includeInIndex = 0; path = WorxTests.xctest; sourceTree = BUILT_PRODUCTS_DIR; };
		1227489C2AD9E1C8007ABEE0 /* WorxTests.swift */ = {isa = PBXFileReference; lastKnownFileType = sourcecode.swift; path = WorxTests.swift; sourceTree = "<group>"; };
		122748A22AD9E1C8007ABEE0 /* WorxUITests.xctest */ = {isa = PBXFileReference; explicitFileType = wrapper.cfbundle; includeInIndex = 0; path = WorxUITests.xctest; sourceTree = BUILT_PRODUCTS_DIR; };
		122748A62AD9E1C8007ABEE0 /* WorxUITests.swift */ = {isa = PBXFileReference; lastKnownFileType = sourcecode.swift; path = WorxUITests.swift; sourceTree = "<group>"; };
		122748A82AD9E1C8007ABEE0 /* WorxUITestsLaunchTests.swift */ = {isa = PBXFileReference; lastKnownFileType = sourcecode.swift; path = WorxUITestsLaunchTests.swift; sourceTree = "<group>"; };
		122748BA2ADB00EF007ABEE0 /* WorkoutModel.swift */ = {isa = PBXFileReference; lastKnownFileType = sourcecode.swift; path = WorkoutModel.swift; sourceTree = "<group>"; };
		122748BC2ADB0103007ABEE0 /* ExerciseModel.swift */ = {isa = PBXFileReference; lastKnownFileType = sourcecode.swift; path = ExerciseModel.swift; sourceTree = "<group>"; };
		122748BE2ADB018B007ABEE0 /* ReviewModel.swift */ = {isa = PBXFileReference; lastKnownFileType = sourcecode.swift; path = ReviewModel.swift; sourceTree = "<group>"; };
		122748C02ADB0ED8007ABEE0 /* WorkoutListScreen.swift */ = {isa = PBXFileReference; lastKnownFileType = sourcecode.swift; path = WorkoutListScreen.swift; sourceTree = "<group>"; };
		122748C22ADB105B007ABEE0 /* String+Extension.swift */ = {isa = PBXFileReference; lastKnownFileType = sourcecode.swift; path = "String+Extension.swift"; sourceTree = "<group>"; };
		122748C42ADB120A007ABEE0 /* WorkoutListView.swift */ = {isa = PBXFileReference; lastKnownFileType = sourcecode.swift; path = WorkoutListView.swift; sourceTree = "<group>"; };
		122748C62ADB1237007ABEE0 /* ExerciseListView.swift */ = {isa = PBXFileReference; lastKnownFileType = sourcecode.swift; path = ExerciseListView.swift; sourceTree = "<group>"; };
		122748C82ADB128F007ABEE0 /* AddWorkoutScreen.swift */ = {isa = PBXFileReference; lastKnownFileType = sourcecode.swift; path = AddWorkoutScreen.swift; sourceTree = "<group>"; };
		122748CA2ADB1840007ABEE0 /* ExerciseSelectionView.swift */ = {isa = PBXFileReference; lastKnownFileType = sourcecode.swift; path = ExerciseSelectionView.swift; sourceTree = "<group>"; };
		122748CC2ADB1CB1007ABEE0 /* WorkoutDetailScreen.swift */ = {isa = PBXFileReference; lastKnownFileType = sourcecode.swift; path = WorkoutDetailScreen.swift; sourceTree = "<group>"; };
		122748CE2ADB22AD007ABEE0 /* ExerciseCellView.swift */ = {isa = PBXFileReference; lastKnownFileType = sourcecode.swift; path = ExerciseCellView.swift; sourceTree = "<group>"; };
		122748D02ADB230C007ABEE0 /* ReviewListView.swift */ = {isa = PBXFileReference; lastKnownFileType = sourcecode.swift; path = ReviewListView.swift; sourceTree = "<group>"; };
		122748D22ADB2331007ABEE0 /* AddReviewScreen.swift */ = {isa = PBXFileReference; lastKnownFileType = sourcecode.swift; path = AddReviewScreen.swift; sourceTree = "<group>"; };
/* End PBXFileReference section */

/* Begin PBXFrameworksBuildPhase section */
		122748842AD9E1C7007ABEE0 /* Frameworks */ = {
			isa = PBXFrameworksBuildPhase;
			buildActionMask = 2147483647;
			files = (
			);
			runOnlyForDeploymentPostprocessing = 0;
		};
		122748952AD9E1C8007ABEE0 /* Frameworks */ = {
			isa = PBXFrameworksBuildPhase;
			buildActionMask = 2147483647;
			files = (
			);
			runOnlyForDeploymentPostprocessing = 0;
		};
		1227489F2AD9E1C8007ABEE0 /* Frameworks */ = {
			isa = PBXFrameworksBuildPhase;
			buildActionMask = 2147483647;
			files = (
			);
			runOnlyForDeploymentPostprocessing = 0;
		};
/* End PBXFrameworksBuildPhase section */

/* Begin PBXGroup section */
		1227487E2AD9E1C7007ABEE0 = {
			isa = PBXGroup;
			children = (
				122748892AD9E1C7007ABEE0 /* Worx */,
				1227489B2AD9E1C8007ABEE0 /* WorxTests */,
				122748A52AD9E1C8007ABEE0 /* WorxUITests */,
				122748882AD9E1C7007ABEE0 /* Products */,
			);
			sourceTree = "<group>";
		};
		122748882AD9E1C7007ABEE0 /* Products */ = {
			isa = PBXGroup;
			children = (
				122748872AD9E1C7007ABEE0 /* Worx.app */,
				122748982AD9E1C8007ABEE0 /* WorxTests.xctest */,
				122748A22AD9E1C8007ABEE0 /* WorxUITests.xctest */,
			);
			name = Products;
			sourceTree = "<group>";
		};
		122748892AD9E1C7007ABEE0 /* Worx */ = {
			isa = PBXGroup;
			children = (
				122748B92ADAFFC3007ABEE0 /* Extensions */,
				122748B82ADAFFBC007ABEE0 /* Screens */,
				122748B72ADAFFB5007ABEE0 /* Views */,
				122748B52ADAFFA4007ABEE0 /* Models */,
				1227488A2AD9E1C7007ABEE0 /* WorxApp.swift */,
				1227488C2AD9E1C7007ABEE0 /* ContentView.swift */,
				1227488E2AD9E1C8007ABEE0 /* Assets.xcassets */,
				122748902AD9E1C8007ABEE0 /* Worx.entitlements */,
				122748912AD9E1C8007ABEE0 /* Preview Content */,
			);
			path = Worx;
			sourceTree = "<group>";
		};
		122748912AD9E1C8007ABEE0 /* Preview Content */ = {
			isa = PBXGroup;
			children = (
				122748922AD9E1C8007ABEE0 /* Preview Assets.xcassets */,
			);
			path = "Preview Content";
			sourceTree = "<group>";
		};
		1227489B2AD9E1C8007ABEE0 /* WorxTests */ = {
			isa = PBXGroup;
			children = (
				1227489C2AD9E1C8007ABEE0 /* WorxTests.swift */,
			);
			path = WorxTests;
			sourceTree = "<group>";
		};
		122748A52AD9E1C8007ABEE0 /* WorxUITests */ = {
			isa = PBXGroup;
			children = (
				122748A62AD9E1C8007ABEE0 /* WorxUITests.swift */,
				122748A82AD9E1C8007ABEE0 /* WorxUITestsLaunchTests.swift */,
			);
			path = WorxUITests;
			sourceTree = "<group>";
		};
		122748B52ADAFFA4007ABEE0 /* Models */ = {
			isa = PBXGroup;
			children = (
				122748BA2ADB00EF007ABEE0 /* WorkoutModel.swift */,
				122748BC2ADB0103007ABEE0 /* ExerciseModel.swift */,
				122748BE2ADB018B007ABEE0 /* ReviewModel.swift */,
			);
			path = Models;
			sourceTree = "<group>";
		};
		122748B72ADAFFB5007ABEE0 /* Views */ = {
			isa = PBXGroup;
			children = (
				122748C42ADB120A007ABEE0 /* WorkoutListView.swift */,
				122748C62ADB1237007ABEE0 /* ExerciseListView.swift */,
				122748CA2ADB1840007ABEE0 /* ExerciseSelectionView.swift */,
				122748CE2ADB22AD007ABEE0 /* ExerciseCellView.swift */,
				122748D02ADB230C007ABEE0 /* ReviewListView.swift */,
			);
			path = Views;
			sourceTree = "<group>";
		};
		122748B82ADAFFBC007ABEE0 /* Screens */ = {
			isa = PBXGroup;
			children = (
				122748C02ADB0ED8007ABEE0 /* WorkoutListScreen.swift */,
				122748C82ADB128F007ABEE0 /* AddWorkoutScreen.swift */,
				122748CC2ADB1CB1007ABEE0 /* WorkoutDetailScreen.swift */,
				122748D22ADB2331007ABEE0 /* AddReviewScreen.swift */,
			);
			path = Screens;
			sourceTree = "<group>";
		};
		122748B92ADAFFC3007ABEE0 /* Extensions */ = {
			isa = PBXGroup;
			children = (
				122748C22ADB105B007ABEE0 /* String+Extension.swift */,
			);
			path = Extensions;
			sourceTree = "<group>";
		};
/* End PBXGroup section */

/* Begin PBXNativeTarget section */
		122748862AD9E1C7007ABEE0 /* Worx */ = {
			isa = PBXNativeTarget;
			buildConfigurationList = 122748AC2AD9E1C8007ABEE0 /* Build configuration list for PBXNativeTarget "Worx" */;
			buildPhases = (
				122748832AD9E1C7007ABEE0 /* Sources */,
				122748842AD9E1C7007ABEE0 /* Frameworks */,
				122748852AD9E1C7007ABEE0 /* Resources */,
			);
			buildRules = (
			);
			dependencies = (
			);
			name = Worx;
			productName = Worx;
			productReference = 122748872AD9E1C7007ABEE0 /* Worx.app */;
			productType = "com.apple.product-type.application";
		};
		122748972AD9E1C8007ABEE0 /* WorxTests */ = {
			isa = PBXNativeTarget;
			buildConfigurationList = 122748AF2AD9E1C8007ABEE0 /* Build configuration list for PBXNativeTarget "WorxTests" */;
			buildPhases = (
				122748942AD9E1C8007ABEE0 /* Sources */,
				122748952AD9E1C8007ABEE0 /* Frameworks */,
				122748962AD9E1C8007ABEE0 /* Resources */,
			);
			buildRules = (
			);
			dependencies = (
				1227489A2AD9E1C8007ABEE0 /* PBXTargetDependency */,
			);
			name = WorxTests;
			productName = WorxTests;
			productReference = 122748982AD9E1C8007ABEE0 /* WorxTests.xctest */;
			productType = "com.apple.product-type.bundle.unit-test";
		};
		122748A12AD9E1C8007ABEE0 /* WorxUITests */ = {
			isa = PBXNativeTarget;
			buildConfigurationList = 122748B22AD9E1C8007ABEE0 /* Build configuration list for PBXNativeTarget "WorxUITests" */;
			buildPhases = (
				1227489E2AD9E1C8007ABEE0 /* Sources */,
				1227489F2AD9E1C8007ABEE0 /* Frameworks */,
				122748A02AD9E1C8007ABEE0 /* Resources */,
			);
			buildRules = (
			);
			dependencies = (
				122748A42AD9E1C8007ABEE0 /* PBXTargetDependency */,
			);
			name = WorxUITests;
			productName = WorxUITests;
			productReference = 122748A22AD9E1C8007ABEE0 /* WorxUITests.xctest */;
			productType = "com.apple.product-type.bundle.ui-testing";
		};
/* End PBXNativeTarget section */

/* Begin PBXProject section */
		1227487F2AD9E1C7007ABEE0 /* Project object */ = {
			isa = PBXProject;
			attributes = {
				BuildIndependentTargetsInParallel = 1;
				LastSwiftUpdateCheck = 1500;
				LastUpgradeCheck = 1500;
				TargetAttributes = {
					122748862AD9E1C7007ABEE0 = {
						CreatedOnToolsVersion = 15.0;
					};
					122748972AD9E1C8007ABEE0 = {
						CreatedOnToolsVersion = 15.0;
						TestTargetID = 122748862AD9E1C7007ABEE0;
					};
					122748A12AD9E1C8007ABEE0 = {
						CreatedOnToolsVersion = 15.0;
						TestTargetID = 122748862AD9E1C7007ABEE0;
					};
				};
			};
			buildConfigurationList = 122748822AD9E1C7007ABEE0 /* Build configuration list for PBXProject "Worx" */;
			compatibilityVersion = "Xcode 14.0";
			developmentRegion = en;
			hasScannedForEncodings = 0;
			knownRegions = (
				en,
				Base,
			);
			mainGroup = 1227487E2AD9E1C7007ABEE0;
			productRefGroup = 122748882AD9E1C7007ABEE0 /* Products */;
			projectDirPath = "";
			projectRoot = "";
			targets = (
				122748862AD9E1C7007ABEE0 /* Worx */,
				122748972AD9E1C8007ABEE0 /* WorxTests */,
				122748A12AD9E1C8007ABEE0 /* WorxUITests */,
			);
		};
/* End PBXProject section */

/* Begin PBXResourcesBuildPhase section */
		122748852AD9E1C7007ABEE0 /* Resources */ = {
			isa = PBXResourcesBuildPhase;
			buildActionMask = 2147483647;
			files = (
				122748932AD9E1C8007ABEE0 /* Preview Assets.xcassets in Resources */,
				1227488F2AD9E1C8007ABEE0 /* Assets.xcassets in Resources */,
			);
			runOnlyForDeploymentPostprocessing = 0;
		};
		122748962AD9E1C8007ABEE0 /* Resources */ = {
			isa = PBXResourcesBuildPhase;
			buildActionMask = 2147483647;
			files = (
			);
			runOnlyForDeploymentPostprocessing = 0;
		};
		122748A02AD9E1C8007ABEE0 /* Resources */ = {
			isa = PBXResourcesBuildPhase;
			buildActionMask = 2147483647;
			files = (
			);
			runOnlyForDeploymentPostprocessing = 0;
		};
/* End PBXResourcesBuildPhase section */

/* Begin PBXSourcesBuildPhase section */
		122748832AD9E1C7007ABEE0 /* Sources */ = {
			isa = PBXSourcesBuildPhase;
			buildActionMask = 2147483647;
			files = (
				1227488D2AD9E1C7007ABEE0 /* ContentView.swift in Sources */,
				122748CF2ADB22AD007ABEE0 /* ExerciseCellView.swift in Sources */,
				122748D12ADB230C007ABEE0 /* ReviewListView.swift in Sources */,
				122748C32ADB105B007ABEE0 /* String+Extension.swift in Sources */,
				122748C52ADB120A007ABEE0 /* WorkoutListView.swift in Sources */,
				122748C12ADB0ED8007ABEE0 /* WorkoutListScreen.swift in Sources */,
				122748CB2ADB1840007ABEE0 /* ExerciseSelectionView.swift in Sources */,
				122748C72ADB1237007ABEE0 /* ExerciseListView.swift in Sources */,
				122748C92ADB128F007ABEE0 /* AddWorkoutScreen.swift in Sources */,
				122748D32ADB2331007ABEE0 /* AddReviewScreen.swift in Sources */,
				122748BB2ADB00EF007ABEE0 /* WorkoutModel.swift in Sources */,
				1227488B2AD9E1C7007ABEE0 /* WorxApp.swift in Sources */,
				122748BD2ADB0103007ABEE0 /* ExerciseModel.swift in Sources */,
				122748CD2ADB1CB1007ABEE0 /* WorkoutDetailScreen.swift in Sources */,
				122748BF2ADB018B007ABEE0 /* ReviewModel.swift in Sources */,
			);
			runOnlyForDeploymentPostprocessing = 0;
		};
		122748942AD9E1C8007ABEE0 /* Sources */ = {
			isa = PBXSourcesBuildPhase;
			buildActionMask = 2147483647;
			files = (
				1227489D2AD9E1C8007ABEE0 /* WorxTests.swift in Sources */,
			);
			runOnlyForDeploymentPostprocessing = 0;
		};
		1227489E2AD9E1C8007ABEE0 /* Sources */ = {
			isa = PBXSourcesBuildPhase;
			buildActionMask = 2147483647;
			files = (
				122748A92AD9E1C8007ABEE0 /* WorxUITestsLaunchTests.swift in Sources */,
				122748A72AD9E1C8007ABEE0 /* WorxUITests.swift in Sources */,
			);
			runOnlyForDeploymentPostprocessing = 0;
		};
/* End PBXSourcesBuildPhase section */

/* Begin PBXTargetDependency section */
		1227489A2AD9E1C8007ABEE0 /* PBXTargetDependency */ = {
			isa = PBXTargetDependency;
			target = 122748862AD9E1C7007ABEE0 /* Worx */;
			targetProxy = 122748992AD9E1C8007ABEE0 /* PBXContainerItemProxy */;
		};
		122748A42AD9E1C8007ABEE0 /* PBXTargetDependency */ = {
			isa = PBXTargetDependency;
			target = 122748862AD9E1C7007ABEE0 /* Worx */;
			targetProxy = 122748A32AD9E1C8007ABEE0 /* PBXContainerItemProxy */;
		};
/* End PBXTargetDependency section */

/* Begin XCBuildConfiguration section */
		122748AA2AD9E1C8007ABEE0 /* Debug */ = {
			isa = XCBuildConfiguration;
			buildSettings = {
				ALWAYS_SEARCH_USER_PATHS = NO;
				ASSETCATALOG_COMPILER_GENERATE_SWIFT_ASSET_SYMBOL_EXTENSIONS = YES;
				CLANG_ANALYZER_NONNULL = YES;
				CLANG_ANALYZER_NUMBER_OBJECT_CONVERSION = YES_AGGRESSIVE;
				CLANG_CXX_LANGUAGE_STANDARD = "gnu++20";
				CLANG_ENABLE_MODULES = YES;
				CLANG_ENABLE_OBJC_ARC = YES;
				CLANG_ENABLE_OBJC_WEAK = YES;
				CLANG_WARN_BLOCK_CAPTURE_AUTORELEASING = YES;
				CLANG_WARN_BOOL_CONVERSION = YES;
				CLANG_WARN_COMMA = YES;
				CLANG_WARN_CONSTANT_CONVERSION = YES;
				CLANG_WARN_DEPRECATED_OBJC_IMPLEMENTATIONS = YES;
				CLANG_WARN_DIRECT_OBJC_ISA_USAGE = YES_ERROR;
				CLANG_WARN_DOCUMENTATION_COMMENTS = YES;
				CLANG_WARN_EMPTY_BODY = YES;
				CLANG_WARN_ENUM_CONVERSION = YES;
				CLANG_WARN_INFINITE_RECURSION = YES;
				CLANG_WARN_INT_CONVERSION = YES;
				CLANG_WARN_NON_LITERAL_NULL_CONVERSION = YES;
				CLANG_WARN_OBJC_IMPLICIT_RETAIN_SELF = YES;
				CLANG_WARN_OBJC_LITERAL_CONVERSION = YES;
				CLANG_WARN_OBJC_ROOT_CLASS = YES_ERROR;
				CLANG_WARN_QUOTED_INCLUDE_IN_FRAMEWORK_HEADER = YES;
				CLANG_WARN_RANGE_LOOP_ANALYSIS = YES;
				CLANG_WARN_STRICT_PROTOTYPES = YES;
				CLANG_WARN_SUSPICIOUS_MOVE = YES;
				CLANG_WARN_UNGUARDED_AVAILABILITY = YES_AGGRESSIVE;
				CLANG_WARN_UNREACHABLE_CODE = YES;
				CLANG_WARN__DUPLICATE_METHOD_MATCH = YES;
				COPY_PHASE_STRIP = NO;
				DEBUG_INFORMATION_FORMAT = dwarf;
				ENABLE_STRICT_OBJC_MSGSEND = YES;
				ENABLE_TESTABILITY = YES;
				ENABLE_USER_SCRIPT_SANDBOXING = YES;
				GCC_C_LANGUAGE_STANDARD = gnu17;
				GCC_DYNAMIC_NO_PIC = NO;
				GCC_NO_COMMON_BLOCKS = YES;
				GCC_OPTIMIZATION_LEVEL = 0;
				GCC_PREPROCESSOR_DEFINITIONS = (
					"DEBUG=1",
					"$(inherited)",
				);
				GCC_WARN_64_TO_32_BIT_CONVERSION = YES;
				GCC_WARN_ABOUT_RETURN_TYPE = YES_ERROR;
				GCC_WARN_UNDECLARED_SELECTOR = YES;
				GCC_WARN_UNINITIALIZED_AUTOS = YES_AGGRESSIVE;
				GCC_WARN_UNUSED_FUNCTION = YES;
				GCC_WARN_UNUSED_VARIABLE = YES;
				LOCALIZATION_PREFERS_STRING_CATALOGS = YES;
				MTL_ENABLE_DEBUG_INFO = INCLUDE_SOURCE;
				MTL_FAST_MATH = YES;
				ONLY_ACTIVE_ARCH = YES;
				SWIFT_ACTIVE_COMPILATION_CONDITIONS = "DEBUG $(inherited)";
				SWIFT_OPTIMIZATION_LEVEL = "-Onone";
			};
			name = Debug;
		};
		122748AB2AD9E1C8007ABEE0 /* Release */ = {
			isa = XCBuildConfiguration;
			buildSettings = {
				ALWAYS_SEARCH_USER_PATHS = NO;
				ASSETCATALOG_COMPILER_GENERATE_SWIFT_ASSET_SYMBOL_EXTENSIONS = YES;
				CLANG_ANALYZER_NONNULL = YES;
				CLANG_ANALYZER_NUMBER_OBJECT_CONVERSION = YES_AGGRESSIVE;
				CLANG_CXX_LANGUAGE_STANDARD = "gnu++20";
				CLANG_ENABLE_MODULES = YES;
				CLANG_ENABLE_OBJC_ARC = YES;
				CLANG_ENABLE_OBJC_WEAK = YES;
				CLANG_WARN_BLOCK_CAPTURE_AUTORELEASING = YES;
				CLANG_WARN_BOOL_CONVERSION = YES;
				CLANG_WARN_COMMA = YES;
				CLANG_WARN_CONSTANT_CONVERSION = YES;
				CLANG_WARN_DEPRECATED_OBJC_IMPLEMENTATIONS = YES;
				CLANG_WARN_DIRECT_OBJC_ISA_USAGE = YES_ERROR;
				CLANG_WARN_DOCUMENTATION_COMMENTS = YES;
				CLANG_WARN_EMPTY_BODY = YES;
				CLANG_WARN_ENUM_CONVERSION = YES;
				CLANG_WARN_INFINITE_RECURSION = YES;
				CLANG_WARN_INT_CONVERSION = YES;
				CLANG_WARN_NON_LITERAL_NULL_CONVERSION = YES;
				CLANG_WARN_OBJC_IMPLICIT_RETAIN_SELF = YES;
				CLANG_WARN_OBJC_LITERAL_CONVERSION = YES;
				CLANG_WARN_OBJC_ROOT_CLASS = YES_ERROR;
				CLANG_WARN_QUOTED_INCLUDE_IN_FRAMEWORK_HEADER = YES;
				CLANG_WARN_RANGE_LOOP_ANALYSIS = YES;
				CLANG_WARN_STRICT_PROTOTYPES = YES;
				CLANG_WARN_SUSPICIOUS_MOVE = YES;
				CLANG_WARN_UNGUARDED_AVAILABILITY = YES_AGGRESSIVE;
				CLANG_WARN_UNREACHABLE_CODE = YES;
				CLANG_WARN__DUPLICATE_METHOD_MATCH = YES;
				COPY_PHASE_STRIP = NO;
				DEBUG_INFORMATION_FORMAT = "dwarf-with-dsym";
				ENABLE_NS_ASSERTIONS = NO;
				ENABLE_STRICT_OBJC_MSGSEND = YES;
				ENABLE_USER_SCRIPT_SANDBOXING = YES;
				GCC_C_LANGUAGE_STANDARD = gnu17;
				GCC_NO_COMMON_BLOCKS = YES;
				GCC_WARN_64_TO_32_BIT_CONVERSION = YES;
				GCC_WARN_ABOUT_RETURN_TYPE = YES_ERROR;
				GCC_WARN_UNDECLARED_SELECTOR = YES;
				GCC_WARN_UNINITIALIZED_AUTOS = YES_AGGRESSIVE;
				GCC_WARN_UNUSED_FUNCTION = YES;
				GCC_WARN_UNUSED_VARIABLE = YES;
				LOCALIZATION_PREFERS_STRING_CATALOGS = YES;
				MTL_ENABLE_DEBUG_INFO = NO;
				MTL_FAST_MATH = YES;
				SWIFT_COMPILATION_MODE = wholemodule;
			};
			name = Release;
		};
		122748AD2AD9E1C8007ABEE0 /* Debug */ = {
			isa = XCBuildConfiguration;
			buildSettings = {
				ASSETCATALOG_COMPILER_APPICON_NAME = AppIcon;
				ASSETCATALOG_COMPILER_GLOBAL_ACCENT_COLOR_NAME = AccentColor;
				CODE_SIGN_ENTITLEMENTS = Worx/Worx.entitlements;
				CODE_SIGN_STYLE = Automatic;
				CURRENT_PROJECT_VERSION = 1;
				DEVELOPMENT_ASSET_PATHS = "\"Worx/Preview Content\"";
				DEVELOPMENT_TEAM = 8QQYNTY523;
				ENABLE_HARDENED_RUNTIME = YES;
				ENABLE_PREVIEWS = YES;
				GENERATE_INFOPLIST_FILE = YES;
				"INFOPLIST_KEY_UIApplicationSceneManifest_Generation[sdk=iphoneos*]" = YES;
				"INFOPLIST_KEY_UIApplicationSceneManifest_Generation[sdk=iphonesimulator*]" = YES;
				"INFOPLIST_KEY_UIApplicationSupportsIndirectInputEvents[sdk=iphoneos*]" = YES;
				"INFOPLIST_KEY_UIApplicationSupportsIndirectInputEvents[sdk=iphonesimulator*]" = YES;
				"INFOPLIST_KEY_UILaunchScreen_Generation[sdk=iphoneos*]" = YES;
				"INFOPLIST_KEY_UILaunchScreen_Generation[sdk=iphonesimulator*]" = YES;
				"INFOPLIST_KEY_UIStatusBarStyle[sdk=iphoneos*]" = UIStatusBarStyleDefault;
				"INFOPLIST_KEY_UIStatusBarStyle[sdk=iphonesimulator*]" = UIStatusBarStyleDefault;
				INFOPLIST_KEY_UISupportedInterfaceOrientations_iPad = "UIInterfaceOrientationPortrait UIInterfaceOrientationPortraitUpsideDown UIInterfaceOrientationLandscapeLeft UIInterfaceOrientationLandscapeRight";
				INFOPLIST_KEY_UISupportedInterfaceOrientations_iPhone = "UIInterfaceOrientationPortrait UIInterfaceOrientationLandscapeLeft UIInterfaceOrientationLandscapeRight";
				IPHONEOS_DEPLOYMENT_TARGET = 17.0;
				LD_RUNPATH_SEARCH_PATHS = "@executable_path/Frameworks";
				"LD_RUNPATH_SEARCH_PATHS[sdk=macosx*]" = "@executable_path/../Frameworks";
				MACOSX_DEPLOYMENT_TARGET = 14.0;
				MARKETING_VERSION = 1.0;
				PRODUCT_BUNDLE_IDENTIFIER = com.weldtactics.Worx;
				PRODUCT_NAME = "$(TARGET_NAME)";
				SDKROOT = auto;
				SUPPORTED_PLATFORMS = "iphoneos iphonesimulator macosx";
				SWIFT_EMIT_LOC_STRINGS = YES;
				SWIFT_VERSION = 5.0;
				TARGETED_DEVICE_FAMILY = "1,2";
			};
			name = Debug;
		};
		122748AE2AD9E1C8007ABEE0 /* Release */ = {
			isa = XCBuildConfiguration;
			buildSettings = {
				ASSETCATALOG_COMPILER_APPICON_NAME = AppIcon;
				ASSETCATALOG_COMPILER_GLOBAL_ACCENT_COLOR_NAME = AccentColor;
				CODE_SIGN_ENTITLEMENTS = Worx/Worx.entitlements;
				CODE_SIGN_STYLE = Automatic;
				CURRENT_PROJECT_VERSION = 1;
				DEVELOPMENT_ASSET_PATHS = "\"Worx/Preview Content\"";
				DEVELOPMENT_TEAM = 8QQYNTY523;
				ENABLE_HARDENED_RUNTIME = YES;
				ENABLE_PREVIEWS = YES;
				GENERATE_INFOPLIST_FILE = YES;
				"INFOPLIST_KEY_UIApplicationSceneManifest_Generation[sdk=iphoneos*]" = YES;
				"INFOPLIST_KEY_UIApplicationSceneManifest_Generation[sdk=iphonesimulator*]" = YES;
				"INFOPLIST_KEY_UIApplicationSupportsIndirectInputEvents[sdk=iphoneos*]" = YES;
				"INFOPLIST_KEY_UIApplicationSupportsIndirectInputEvents[sdk=iphonesimulator*]" = YES;
				"INFOPLIST_KEY_UILaunchScreen_Generation[sdk=iphoneos*]" = YES;
				"INFOPLIST_KEY_UILaunchScreen_Generation[sdk=iphonesimulator*]" = YES;
				"INFOPLIST_KEY_UIStatusBarStyle[sdk=iphoneos*]" = UIStatusBarStyleDefault;
				"INFOPLIST_KEY_UIStatusBarStyle[sdk=iphonesimulator*]" = UIStatusBarStyleDefault;
				INFOPLIST_KEY_UISupportedInterfaceOrientations_iPad = "UIInterfaceOrientationPortrait UIInterfaceOrientationPortraitUpsideDown UIInterfaceOrientationLandscapeLeft UIInterfaceOrientationLandscapeRight";
				INFOPLIST_KEY_UISupportedInterfaceOrientations_iPhone = "UIInterfaceOrientationPortrait UIInterfaceOrientationLandscapeLeft UIInterfaceOrientationLandscapeRight";
				IPHONEOS_DEPLOYMENT_TARGET = 17.0;
				LD_RUNPATH_SEARCH_PATHS = "@executable_path/Frameworks";
				"LD_RUNPATH_SEARCH_PATHS[sdk=macosx*]" = "@executable_path/../Frameworks";
				MACOSX_DEPLOYMENT_TARGET = 14.0;
				MARKETING_VERSION = 1.0;
				PRODUCT_BUNDLE_IDENTIFIER = com.weldtactics.Worx;
				PRODUCT_NAME = "$(TARGET_NAME)";
				SDKROOT = auto;
				SUPPORTED_PLATFORMS = "iphoneos iphonesimulator macosx";
				SWIFT_EMIT_LOC_STRINGS = YES;
				SWIFT_VERSION = 5.0;
				TARGETED_DEVICE_FAMILY = "1,2";
			};
			name = Release;
		};
		122748B02AD9E1C8007ABEE0 /* Debug */ = {
			isa = XCBuildConfiguration;
			buildSettings = {
				ALWAYS_EMBED_SWIFT_STANDARD_LIBRARIES = YES;
				BUNDLE_LOADER = "$(TEST_HOST)";
				CODE_SIGN_STYLE = Automatic;
				CURRENT_PROJECT_VERSION = 1;
				DEVELOPMENT_TEAM = 8QQYNTY523;
				GENERATE_INFOPLIST_FILE = YES;
				IPHONEOS_DEPLOYMENT_TARGET = 17.0;
				MACOSX_DEPLOYMENT_TARGET = 14.0;
				MARKETING_VERSION = 1.0;
				PRODUCT_BUNDLE_IDENTIFIER = com.weldtactics.WorxTests;
				PRODUCT_NAME = "$(TARGET_NAME)";
				SDKROOT = auto;
				SUPPORTED_PLATFORMS = "iphoneos iphonesimulator macosx";
				SWIFT_EMIT_LOC_STRINGS = NO;
				SWIFT_VERSION = 5.0;
				TARGETED_DEVICE_FAMILY = "1,2";
				TEST_HOST = "$(BUILT_PRODUCTS_DIR)/Worx.app/$(BUNDLE_EXECUTABLE_FOLDER_PATH)/Worx";
			};
			name = Debug;
		};
		122748B12AD9E1C8007ABEE0 /* Release */ = {
			isa = XCBuildConfiguration;
			buildSettings = {
				ALWAYS_EMBED_SWIFT_STANDARD_LIBRARIES = YES;
				BUNDLE_LOADER = "$(TEST_HOST)";
				CODE_SIGN_STYLE = Automatic;
				CURRENT_PROJECT_VERSION = 1;
				DEVELOPMENT_TEAM = 8QQYNTY523;
				GENERATE_INFOPLIST_FILE = YES;
				IPHONEOS_DEPLOYMENT_TARGET = 17.0;
				MACOSX_DEPLOYMENT_TARGET = 14.0;
				MARKETING_VERSION = 1.0;
				PRODUCT_BUNDLE_IDENTIFIER = com.weldtactics.WorxTests;
				PRODUCT_NAME = "$(TARGET_NAME)";
				SDKROOT = auto;
				SUPPORTED_PLATFORMS = "iphoneos iphonesimulator macosx";
				SWIFT_EMIT_LOC_STRINGS = NO;
				SWIFT_VERSION = 5.0;
				TARGETED_DEVICE_FAMILY = "1,2";
				TEST_HOST = "$(BUILT_PRODUCTS_DIR)/Worx.app/$(BUNDLE_EXECUTABLE_FOLDER_PATH)/Worx";
			};
			name = Release;
		};
		122748B32AD9E1C8007ABEE0 /* Debug */ = {
			isa = XCBuildConfiguration;
			buildSettings = {
				ALWAYS_EMBED_SWIFT_STANDARD_LIBRARIES = YES;
				CODE_SIGN_STYLE = Automatic;
				CURRENT_PROJECT_VERSION = 1;
				DEVELOPMENT_TEAM = 8QQYNTY523;
				GENERATE_INFOPLIST_FILE = YES;
				IPHONEOS_DEPLOYMENT_TARGET = 17.0;
				MACOSX_DEPLOYMENT_TARGET = 14.0;
				MARKETING_VERSION = 1.0;
				PRODUCT_BUNDLE_IDENTIFIER = com.weldtactics.WorxUITests;
				PRODUCT_NAME = "$(TARGET_NAME)";
				SDKROOT = auto;
				SUPPORTED_PLATFORMS = "iphoneos iphonesimulator macosx";
				SWIFT_EMIT_LOC_STRINGS = NO;
				SWIFT_VERSION = 5.0;
				TARGETED_DEVICE_FAMILY = "1,2";
				TEST_TARGET_NAME = Worx;
			};
			name = Debug;
		};
		122748B42AD9E1C8007ABEE0 /* Release */ = {
			isa = XCBuildConfiguration;
			buildSettings = {
				ALWAYS_EMBED_SWIFT_STANDARD_LIBRARIES = YES;
				CODE_SIGN_STYLE = Automatic;
				CURRENT_PROJECT_VERSION = 1;
				DEVELOPMENT_TEAM = 8QQYNTY523;
				GENERATE_INFOPLIST_FILE = YES;
				IPHONEOS_DEPLOYMENT_TARGET = 17.0;
				MACOSX_DEPLOYMENT_TARGET = 14.0;
				MARKETING_VERSION = 1.0;
				PRODUCT_BUNDLE_IDENTIFIER = com.weldtactics.WorxUITests;
				PRODUCT_NAME = "$(TARGET_NAME)";
				SDKROOT = auto;
				SUPPORTED_PLATFORMS = "iphoneos iphonesimulator macosx";
				SWIFT_EMIT_LOC_STRINGS = NO;
				SWIFT_VERSION = 5.0;
				TARGETED_DEVICE_FAMILY = "1,2";
				TEST_TARGET_NAME = Worx;
			};
			name = Release;
		};
/* End XCBuildConfiguration section */

/* Begin XCConfigurationList section */
		122748822AD9E1C7007ABEE0 /* Build configuration list for PBXProject "Worx" */ = {
			isa = XCConfigurationList;
			buildConfigurations = (
				122748AA2AD9E1C8007ABEE0 /* Debug */,
				122748AB2AD9E1C8007ABEE0 /* Release */,
			);
			defaultConfigurationIsVisible = 0;
			defaultConfigurationName = Release;
		};
		122748AC2AD9E1C8007ABEE0 /* Build configuration list for PBXNativeTarget "Worx" */ = {
			isa = XCConfigurationList;
			buildConfigurations = (
				122748AD2AD9E1C8007ABEE0 /* Debug */,
				122748AE2AD9E1C8007ABEE0 /* Release */,
			);
			defaultConfigurationIsVisible = 0;
			defaultConfigurationName = Release;
		};
		122748AF2AD9E1C8007ABEE0 /* Build configuration list for PBXNativeTarget "WorxTests" */ = {
			isa = XCConfigurationList;
			buildConfigurations = (
				122748B02AD9E1C8007ABEE0 /* Debug */,
				122748B12AD9E1C8007ABEE0 /* Release */,
			);
			defaultConfigurationIsVisible = 0;
			defaultConfigurationName = Release;
		};
		122748B22AD9E1C8007ABEE0 /* Build configuration list for PBXNativeTarget "WorxUITests" */ = {
			isa = XCConfigurationList;
			buildConfigurations = (
				122748B32AD9E1C8007ABEE0 /* Debug */,
				122748B42AD9E1C8007ABEE0 /* Release */,
			);
			defaultConfigurationIsVisible = 0;
			defaultConfigurationName = Release;
		};
/* End XCConfigurationList section */
	};
	rootObject = 1227487F2AD9E1C7007ABEE0 /* Project object */;
}
